
Microsoft Visual Studio Solution File, Format Version 12.00
# Visual Studio Version 17
VisualStudioVersion = 17.6.33723.286
MinimumVisualStudioVersion = 10.0.40219.1
Project("{9A19103F-16F7-4668-BE54-9A1E7A4F7556}") = "Almacen", "Almacen.csproj", "{C9855FE9-FD02-4871-8112-B5D9828099E7}"
EndProject
Project("{2150E333-8FDC-42A3-9474-1A3956D46DE8}") = "Solution Items", "Solution Items", "{6DD17A6A-1D82-450C-896D-946BDD156C74}"
	ProjectSection(SolutionItems) = preProject
		.editorconfig = .editorconfig
	EndProjectSection
EndProject
Global
	GlobalSection(SolutionConfigurationPlatforms) = preSolution
		Debug|Any CPU = Debug|Any CPU
		Release|Any CPU = Release|Any CPU
	EndGlobalSection
	GlobalSection(ProjectConfigurationPlatforms) = postSolution
		{C9855FE9-FD02-4871-8112-B5D9828099E7}.Debug|Any CPU.ActiveCfg = Debug|Any CPU
		{C9855FE9-FD02-4871-8112-B5D9828099E7}.Debug|Any CPU.Build.0 = Debug|Any CPU
		{C9855FE9-FD02-4871-8112-B5D9828099E7}.Release|Any CPU.ActiveCfg = Release|Any CPU
		{C9855FE9-FD02-4871-8112-B5D9828099E7}.Release|Any CPU.Build.0 = Release|Any CPU
	EndGlobalSection
	GlobalSection(SolutionProperties) = preSolution
		HideSolutionNode = FALSE
	EndGlobalSection
	GlobalSection(ExtensibilityGlobals) = postSolution
		SolutionGuid = {180B17C6-AD01-45EA-8A26-48F0E2ADBC50}
	EndGlobalSection
EndGlobal
